
Microsoft Visual Studio Solution File, Format Version 12.00
# Visual Studio 15
VisualStudioVersion = 15.0.27004.2005
MinimumVisualStudioVersion = 10.0.40219.1
Project("{FAE04EC0-301F-11D3-BF4B-00C04F79EFBC}") = "AjaxForm", "AjaxForm\AjaxForm.csproj", "{90F4D992-7692-49B5-934E-C5CB460D9195}"
EndProject
Global
	GlobalSection(SolutionConfigurationPlatforms) = preSolution
		Debug|Any CPU = Debug|Any CPU
		Release|Any CPU = Release|Any CPU
	EndGlobalSection
	GlobalSection(ProjectConfigurationPlatforms) = postSolution
		{90F4D992-7692-49B5-934E-C5CB460D9195}.Debug|Any CPU.ActiveCfg = Debug|Any CPU
		{90F4D992-7692-49B5-934E-C5CB460D9195}.Debug|Any CPU.Build.0 = Debug|Any CPU
		{90F4D992-7692-49B5-934E-C5CB460D9195}.Release|Any CPU.ActiveCfg = Release|Any CPU
		{90F4D992-7692-49B5-934E-C5CB460D9195}.Release|Any CPU.Build.0 = Release|Any CPU
	EndGlobalSection
	GlobalSection(SolutionProperties) = preSolution
		HideSolutionNode = FALSE
	EndGlobalSection
	GlobalSection(ExtensibilityGlobals) = postSolution
		SolutionGuid = {A525886A-D2B9-44C2-8379-CA58E82A1AB3}
	EndGlobalSection
EndGlobal
